
Microsoft Visual Studio Solution File, Format Version 12.00
Project("{FAE04EC0-301F-11D3-BF4B-00C04F79EFBC}") = "Delta.Core", "src\Delta.Core\Delta.Core.csproj", "{2D23AAC7-8822-45D9-BC4A-15D473E038B6}"
EndProject
Project("{FAE04EC0-301F-11D3-BF4B-00C04F79EFBC}") = "LToolBox", "src\LToolBox\LToolBox.csproj", "{5CAEE663-6608-4B30-BB6C-ED4B3331D998}"
EndProject
Project("{FAE04EC0-301F-11D3-BF4B-00C04F79EFBC}") = "Common", "src\Common\Common.csproj", "{5BB7A50C-949A-4403-B468-71AC5FB15B7D}"
EndProject
Project("{FAE04EC0-301F-11D3-BF4B-00C04F79EFBC}") = "Benchmarks", "src\Benchmarks\Benchmarks.csproj", "{88570625-7699-4A11-A81B-B4D769A36850}"
EndProject
Project("{FAE04EC0-301F-11D3-BF4B-00C04F79EFBC}") = "LCalc.Core", "src\LCalc\LCalc.Core.csproj", "{4B54A3C9-8B56-4E22-B591-E13667B95FB7}"
EndProject
Project("{FAE04EC0-301F-11D3-BF4B-00C04F79EFBC}") = "LCalc.Cli", "src\LCalc.Cli\LCalc.Cli.csproj", "{13A39599-64E7-40E7-9440-68763F93361F}"
EndProject
Project("{FAE04EC0-301F-11D3-BF4B-00C04F79EFBC}") = "LCalc.Tests", "src\LCalc.Tests\LCalc.Tests.csproj", "{08068DCF-01C3-413D-8E94-EC2FF6887F56}"
EndProject
Project("{FAE04EC0-301F-11D3-BF4B-00C04F79EFBC}") = "Common.Cli", "src\Common.Cli\Common.Cli.csproj", "{C2D601E0-187E-4FF4-A279-68B8D59ECDD9}"
EndProject
Project("{FAE04EC0-301F-11D3-BF4B-00C04F79EFBC}") = "LToolBox.Ui", "src\LToolBox.Ui\LToolBox.Ui\LToolBox.Ui.csproj", "{8042E708-ED7F-45A8-B595-54ED75B5EBFD}"
EndProject
Project("{FAE04EC0-301F-11D3-BF4B-00C04F79EFBC}") = "LToolBox.Ui.Android", "src\LToolBox.Ui\LToolBox.Ui.Android\LToolBox.Ui.Android.csproj", "{3B3AAA5C-0466-4F97-82FF-9F3085264E59}"
EndProject
Project("{FAE04EC0-301F-11D3-BF4B-00C04F79EFBC}") = "LToolBox.Ui.Desktop", "src\LToolBox.Ui\LToolBox.Ui.Desktop\LToolBox.Ui.Desktop.csproj", "{4F7FEB73-A721-4A45-B0F3-80248BC36E5B}"
EndProject
Project("{FAE04EC0-301F-11D3-BF4B-00C04F79EFBC}") = "LToolBox.Ui.iOS", "src\LToolBox.Ui\LToolBox.Ui.iOS\LToolBox.Ui.iOS.csproj", "{A99B6C7F-DC21-492E-9911-7CED47ACC3E5}"
EndProject
Project("{FAE04EC0-301F-11D3-BF4B-00C04F79EFBC}") = "LToolBox.Ui.Web", "src\LToolBox.Ui\LToolBox.Ui.Web\LToolBox.Ui.Web.csproj", "{083FF22C-5B2B-40EF-84C4-34B3ADC572DA}"
EndProject
Project("{2150E333-8FDC-42A3-9474-1A3956D46DE8}") = "Solution Items", "Solution Items", "{3DA99C4E-89E3-4049-9C22-0A7EC60D83D8}"
	ProjectSection(SolutionItems) = preProject
		Directory.Build.props = Directory.Build.props
		global.json = global.json
	EndProjectSection
EndProject
Global
	GlobalSection(SolutionConfigurationPlatforms) = preSolution
		Debug|Any CPU = Debug|Any CPU
		Release|Any CPU = Release|Any CPU
	EndGlobalSection
	GlobalSection(ProjectConfigurationPlatforms) = postSolution
		{2D23AAC7-8822-45D9-BC4A-15D473E038B6}.Debug|Any CPU.ActiveCfg = Debug|Any CPU
		{2D23AAC7-8822-45D9-BC4A-15D473E038B6}.Debug|Any CPU.Build.0 = Debug|Any CPU
		{2D23AAC7-8822-45D9-BC4A-15D473E038B6}.Release|Any CPU.ActiveCfg = Release|Any CPU
		{2D23AAC7-8822-45D9-BC4A-15D473E038B6}.Release|Any CPU.Build.0 = Release|Any CPU
		{5CAEE663-6608-4B30-BB6C-ED4B3331D998}.Debug|Any CPU.ActiveCfg = Debug|Any CPU
		{5CAEE663-6608-4B30-BB6C-ED4B3331D998}.Debug|Any CPU.Build.0 = Debug|Any CPU
		{5CAEE663-6608-4B30-BB6C-ED4B3331D998}.Release|Any CPU.ActiveCfg = Release|Any CPU
		{5CAEE663-6608-4B30-BB6C-ED4B3331D998}.Release|Any CPU.Build.0 = Release|Any CPU
		{5BB7A50C-949A-4403-B468-71AC5FB15B7D}.Debug|Any CPU.ActiveCfg = Debug|Any CPU
		{5BB7A50C-949A-4403-B468-71AC5FB15B7D}.Debug|Any CPU.Build.0 = Debug|Any CPU
		{5BB7A50C-949A-4403-B468-71AC5FB15B7D}.Release|Any CPU.ActiveCfg = Release|Any CPU
		{5BB7A50C-949A-4403-B468-71AC5FB15B7D}.Release|Any CPU.Build.0 = Release|Any CPU
		{88570625-7699-4A11-A81B-B4D769A36850}.Debug|Any CPU.ActiveCfg = Debug|Any CPU
		{88570625-7699-4A11-A81B-B4D769A36850}.Debug|Any CPU.Build.0 = Debug|Any CPU
		{88570625-7699-4A11-A81B-B4D769A36850}.Release|Any CPU.ActiveCfg = Release|Any CPU
		{88570625-7699-4A11-A81B-B4D769A36850}.Release|Any CPU.Build.0 = Release|Any CPU
		{4B54A3C9-8B56-4E22-B591-E13667B95FB7}.Debug|Any CPU.ActiveCfg = Debug|Any CPU
		{4B54A3C9-8B56-4E22-B591-E13667B95FB7}.Debug|Any CPU.Build.0 = Debug|Any CPU
		{4B54A3C9-8B56-4E22-B591-E13667B95FB7}.Release|Any CPU.ActiveCfg = Release|Any CPU
		{4B54A3C9-8B56-4E22-B591-E13667B95FB7}.Release|Any CPU.Build.0 = Release|Any CPU
		{13A39599-64E7-40E7-9440-68763F93361F}.Debug|Any CPU.ActiveCfg = Debug|Any CPU
		{13A39599-64E7-40E7-9440-68763F93361F}.Debug|Any CPU.Build.0 = Debug|Any CPU
		{13A39599-64E7-40E7-9440-68763F93361F}.Release|Any CPU.ActiveCfg = Release|Any CPU
		{13A39599-64E7-40E7-9440-68763F93361F}.Release|Any CPU.Build.0 = Release|Any CPU
		{08068DCF-01C3-413D-8E94-EC2FF6887F56}.Debug|Any CPU.ActiveCfg = Debug|Any CPU
		{08068DCF-01C3-413D-8E94-EC2FF6887F56}.Debug|Any CPU.Build.0 = Debug|Any CPU
		{08068DCF-01C3-413D-8E94-EC2FF6887F56}.Release|Any CPU.ActiveCfg = Release|Any CPU
		{08068DCF-01C3-413D-8E94-EC2FF6887F56}.Release|Any CPU.Build.0 = Release|Any CPU
		{C2D601E0-187E-4FF4-A279-68B8D59ECDD9}.Debug|Any CPU.ActiveCfg = Debug|Any CPU
		{C2D601E0-187E-4FF4-A279-68B8D59ECDD9}.Debug|Any CPU.Build.0 = Debug|Any CPU
		{C2D601E0-187E-4FF4-A279-68B8D59ECDD9}.Release|Any CPU.ActiveCfg = Release|Any CPU
		{C2D601E0-187E-4FF4-A279-68B8D59ECDD9}.Release|Any CPU.Build.0 = Release|Any CPU
		{8042E708-ED7F-45A8-B595-54ED75B5EBFD}.Debug|Any CPU.ActiveCfg = Debug|Any CPU
		{8042E708-ED7F-45A8-B595-54ED75B5EBFD}.Debug|Any CPU.Build.0 = Debug|Any CPU
		{8042E708-ED7F-45A8-B595-54ED75B5EBFD}.Release|Any CPU.ActiveCfg = Release|Any CPU
		{8042E708-ED7F-45A8-B595-54ED75B5EBFD}.Release|Any CPU.Build.0 = Release|Any CPU
		{3B3AAA5C-0466-4F97-82FF-9F3085264E59}.Debug|Any CPU.ActiveCfg = Debug|Any CPU
		{3B3AAA5C-0466-4F97-82FF-9F3085264E59}.Debug|Any CPU.Build.0 = Debug|Any CPU
		{3B3AAA5C-0466-4F97-82FF-9F3085264E59}.Release|Any CPU.ActiveCfg = Release|Any CPU
		{3B3AAA5C-0466-4F97-82FF-9F3085264E59}.Release|Any CPU.Build.0 = Release|Any CPU
		{4F7FEB73-A721-4A45-B0F3-80248BC36E5B}.Debug|Any CPU.ActiveCfg = Debug|Any CPU
		{4F7FEB73-A721-4A45-B0F3-80248BC36E5B}.Debug|Any CPU.Build.0 = Debug|Any CPU
		{4F7FEB73-A721-4A45-B0F3-80248BC36E5B}.Release|Any CPU.ActiveCfg = Release|Any CPU
		{4F7FEB73-A721-4A45-B0F3-80248BC36E5B}.Release|Any CPU.Build.0 = Release|Any CPU
		{A99B6C7F-DC21-492E-9911-7CED47ACC3E5}.Debug|Any CPU.ActiveCfg = Debug|Any CPU
		{A99B6C7F-DC21-492E-9911-7CED47ACC3E5}.Debug|Any CPU.Build.0 = Debug|Any CPU
		{A99B6C7F-DC21-492E-9911-7CED47ACC3E5}.Release|Any CPU.ActiveCfg = Release|Any CPU
		{A99B6C7F-DC21-492E-9911-7CED47ACC3E5}.Release|Any CPU.Build.0 = Release|Any CPU
		{083FF22C-5B2B-40EF-84C4-34B3ADC572DA}.Debug|Any CPU.ActiveCfg = Debug|Any CPU
		{083FF22C-5B2B-40EF-84C4-34B3ADC572DA}.Debug|Any CPU.Build.0 = Debug|Any CPU
		{083FF22C-5B2B-40EF-84C4-34B3ADC572DA}.Release|Any CPU.ActiveCfg = Release|Any CPU
		{083FF22C-5B2B-40EF-84C4-34B3ADC572DA}.Release|Any CPU.Build.0 = Release|Any CPU
	EndGlobalSection
EndGlobal
